{
    "name": "client-server-starter",
    "version": "0.0.1",
    "lockfileVersion": 2,
    "requires": true,
    "packages": {
        "": {
            "version": "0.0.1",
            "license": "MIT",
            "workspaces": [
                "packages/*"
            ],
            "engines": {
                "npm": ">=7.19.0"
            }
        }
    }
}
